{
    "_readme": [
        "This file locks the dependencies of your project to a known state",
        "Read more about it at http://getcomposer.org/doc/01-basic-usage.md#composer-lock-the-lock-file"
    ],
    "hash": "64ce5567d2ea32b18491f07409692eeb",
    "packages": [
        {
            "name": "oliviermadre/dic-it",
            "version": "dev-master",
            "source": {
                "type": "git",
                "url": "https://github.com/oliviermadre/dic-it.git",
                "reference": "fbca73d86bd2f1582cca6cce4141e86542072984"
            },
            "dist": {
                "type": "zip",
                "url": "https://api.github.com/repos/oliviermadre/dic-it/zipball/fbca73d86bd2f1582cca6cce4141e86542072984",
                "reference": "fbca73d86bd2f1582cca6cce4141e86542072984",
                "shasum": ""
            },
            "require": {
                "symfony/yaml": "2.5.*@dev"
            },
            "require-dev": {
                "guzzle/guzzle": "~3.8",
                "league/phpunit-coverage-listener": "~1.0",
                "ocramius/proxy-manager": "0.5.x-dev",
                "phpunit/phpunit": "~3.7",
                "squizlabs/php_codesniffer": "~1.5",
                "zendframework/zend-json": "~2.2",
                "zendframework/zend-soap": "~2.2",
                "zendframework/zend-xmlrpc": "~2.2"
            },
            "suggest": {
                "guzzle/guzzle": "To support RESTful remote object activation",
                "ocramius/proxy-manager": "To support injection of runtime generated proxies",
                "zendframework/zend-json": "To support JSON-RPC remote object activation",
                "zendframework/zend-soap": "To support SOAP remote object activation",
                "zendframework/zend-xmlrpc": "To support XML-RPC remote object activation"
            },
            "type": "library",
            "autoload": {
                "psr-0": {
                    "": "src/"
                }
            },
            "notification-url": "https://packagist.org/downloads/",
            "license": [
                "MIT"
            ],
            "authors": [
                {
                    "name": "Olivier Madre",
                    "email": "terenas@gmail.com",
                    "homepage": "http://www.wools.io",
                    "role": "Developer"
                }
            ],
            "description": "Yet another dependency injection container",
            "homepage": "http://github.com/oliviermadre/dic-it",
            "time": "2014-02-12 18:20:42"
        },
        {
            "name": "psr/log",
            "version": "1.0.0",
            "source": {
                "type": "git",
                "url": "https://github.com/php-fig/log.git",
                "reference": "fe0936ee26643249e916849d48e3a51d5f5e278b"
            },
            "dist": {
                "type": "zip",
                "url": "https://api.github.com/repos/php-fig/log/zipball/fe0936ee26643249e916849d48e3a51d5f5e278b",
                "reference": "fe0936ee26643249e916849d48e3a51d5f5e278b",
                "shasum": ""
            },
            "type": "library",
            "autoload": {
                "psr-0": {
                    "Psr\\Log\\": ""
                }
            },
            "notification-url": "https://packagist.org/downloads/",
            "license": [
                "MIT"
            ],
            "authors": [
                {
                    "name": "PHP-FIG",
                    "homepage": "http://www.php-fig.org/"
                }
            ],
            "description": "Common interface for logging libraries",
            "keywords": [
                "log",
                "psr",
                "psr-3"
            ],
            "time": "2012-12-21 11:40:51"
        },
        {
            "name": "stack/builder",
            "version": "v1.0.1",
            "source": {
                "type": "git",
                "url": "https://github.com/stackphp/builder.git",
                "reference": "49ab90450d7f959943f3659a4bcb5965530117c2"
            },
            "dist": {
                "type": "zip",
                "url": "https://api.github.com/repos/stackphp/builder/zipball/49ab90450d7f959943f3659a4bcb5965530117c2",
                "reference": "49ab90450d7f959943f3659a4bcb5965530117c2",
                "shasum": ""
            },
            "require": {
                "php": ">=5.3.0",
                "symfony/http-foundation": "~2.1",
                "symfony/http-kernel": "~2.1"
            },
            "require-dev": {
                "silex/silex": "~1.0"
            },
            "type": "library",
            "extra": {
                "branch-alias": {
                    "dev-master": "1.0-dev"
                }
            },
            "autoload": {
                "psr-0": {
                    "Stack": "src"
                }
            },
            "notification-url": "https://packagist.org/downloads/",
            "license": [
                "MIT"
            ],
            "authors": [
                {
                    "name": "Igor Wiedler",
                    "email": "igor@wiedler.ch",
                    "homepage": "http://wiedler.ch/igor/"
                }
            ],
            "description": "Builder for stack middlewares based on HttpKernelInterface.",
            "keywords": [
                "stack"
            ],
            "time": "2013-10-25 14:04:45"
        },
        {
            "name": "stack/run",
            "version": "v1.0.1",
            "source": {
                "type": "git",
                "url": "https://github.com/stackphp/run.git",
                "reference": "a1bc94ee4493aa0988dffd89b6b8a6cdcdb3c905"
            },
            "dist": {
                "type": "zip",
                "url": "https://api.github.com/repos/stackphp/run/zipball/a1bc94ee4493aa0988dffd89b6b8a6cdcdb3c905",
                "reference": "a1bc94ee4493aa0988dffd89b6b8a6cdcdb3c905",
                "shasum": ""
            },
            "require": {
                "php": ">=5.3.0",
                "symfony/http-foundation": "~2.1",
                "symfony/http-kernel": "~2.1"
            },
            "require-dev": {
                "stack/callable-http-kernel": "~1.0@dev"
            },
            "type": "library",
            "extra": {
                "branch-alias": {
                    "dev-master": "1.0-dev"
                }
            },
            "autoload": {
                "files": [
                    "src/Stack/run.php"
                ]
            },
            "notification-url": "https://packagist.org/downloads/",
            "license": [
                "MIT"
            ],
            "authors": [
                {
                    "name": "Igor Wiedler",
                    "email": "igor@wiedler.ch",
                    "homepage": "http://wiedler.ch/igor/"
                }
            ],
            "description": "Shortcut function for handling HttpKernel front-controller boilerplate.",
            "keywords": [
                "stack"
            ],
            "time": "2013-10-25 14:31:28"
        },
        {
            "name": "symfony/debug",
            "version": "v2.4.2",
            "target-dir": "Symfony/Component/Debug",
            "source": {
                "type": "git",
                "url": "https://github.com/symfony/Debug.git",
                "reference": "23b5f4fcad883679d9a6e1cbc568247fe606d8ee"
            },
            "dist": {
                "type": "zip",
                "url": "https://api.github.com/repos/symfony/Debug/zipball/23b5f4fcad883679d9a6e1cbc568247fe606d8ee",
                "reference": "23b5f4fcad883679d9a6e1cbc568247fe606d8ee",
                "shasum": ""
            },
            "require": {
                "php": ">=5.3.3"
            },
            "require-dev": {
                "symfony/http-foundation": "~2.1",
                "symfony/http-kernel": "~2.1"
            },
            "suggest": {
                "symfony/http-foundation": "",
                "symfony/http-kernel": ""
            },
            "type": "library",
            "extra": {
                "branch-alias": {
                    "dev-master": "2.4-dev"
                }
            },
            "autoload": {
                "psr-0": {
                    "Symfony\\Component\\Debug\\": ""
                }
            },
            "notification-url": "https://packagist.org/downloads/",
            "license": [
                "MIT"
            ],
            "authors": [
                {
                    "name": "Fabien Potencier",
                    "email": "fabien@symfony.com",
                    "homepage": "http://fabien.potencier.org",
                    "role": "Lead Developer"
                },
                {
                    "name": "Symfony Community",
                    "homepage": "http://symfony.com/contributors"
                }
            ],
            "description": "Symfony Debug Component",
            "homepage": "http://symfony.com",
            "time": "2014-02-11 13:52:09"
        },
        {
            "name": "symfony/event-dispatcher",
            "version": "v2.4.2",
            "target-dir": "Symfony/Component/EventDispatcher",
            "source": {
                "type": "git",
                "url": "https://github.com/symfony/EventDispatcher.git",
                "reference": "4708b8cd41984a5ba29fe7dd40716f7f761ac501"
            },
            "dist": {
                "type": "zip",
                "url": "https://api.github.com/repos/symfony/EventDispatcher/zipball/4708b8cd41984a5ba29fe7dd40716f7f761ac501",
                "reference": "4708b8cd41984a5ba29fe7dd40716f7f761ac501",
                "shasum": ""
            },
            "require": {
                "php": ">=5.3.3"
            },
            "require-dev": {
                "symfony/dependency-injection": "~2.0"
            },
            "suggest": {
                "symfony/dependency-injection": "",
                "symfony/http-kernel": ""
            },
            "type": "library",
            "extra": {
                "branch-alias": {
                    "dev-master": "2.4-dev"
                }
            },
            "autoload": {
                "psr-0": {
                    "Symfony\\Component\\EventDispatcher\\": ""
                }
            },
            "notification-url": "https://packagist.org/downloads/",
            "license": [
                "MIT"
            ],
            "authors": [
                {
                    "name": "Fabien Potencier",
                    "email": "fabien@symfony.com",
                    "homepage": "http://fabien.potencier.org",
                    "role": "Lead Developer"
                },
                {
                    "name": "Symfony Community",
                    "homepage": "http://symfony.com/contributors"
                }
            ],
            "description": "Symfony EventDispatcher Component",
            "homepage": "http://symfony.com",
            "time": "2014-02-11 13:52:09"
        },
        {
            "name": "symfony/http-foundation",
            "version": "v2.4.2",
            "target-dir": "Symfony/Component/HttpFoundation",
            "source": {
                "type": "git",
                "url": "https://github.com/symfony/HttpFoundation.git",
                "reference": "cdee7c84ba8b2a8aafa1c055f5cb4f640d81c129"
            },
            "dist": {
                "type": "zip",
                "url": "https://api.github.com/repos/symfony/HttpFoundation/zipball/cdee7c84ba8b2a8aafa1c055f5cb4f640d81c129",
                "reference": "cdee7c84ba8b2a8aafa1c055f5cb4f640d81c129",
                "shasum": ""
            },
            "require": {
                "php": ">=5.3.3"
            },
            "type": "library",
            "extra": {
                "branch-alias": {
                    "dev-master": "2.4-dev"
                }
            },
            "autoload": {
                "psr-0": {
                    "Symfony\\Component\\HttpFoundation\\": ""
                },
                "classmap": [
                    "Symfony/Component/HttpFoundation/Resources/stubs"
                ]
            },
            "notification-url": "https://packagist.org/downloads/",
            "license": [
                "MIT"
            ],
            "authors": [
                {
                    "name": "Fabien Potencier",
                    "email": "fabien@symfony.com",
                    "homepage": "http://fabien.potencier.org",
                    "role": "Lead Developer"
                },
                {
                    "name": "Symfony Community",
                    "homepage": "http://symfony.com/contributors"
                }
            ],
            "description": "Symfony HttpFoundation Component",
            "homepage": "http://symfony.com",
            "time": "2014-02-11 15:39:28"
        },
        {
            "name": "symfony/http-kernel",
            "version": "v2.4.2",
            "target-dir": "Symfony/Component/HttpKernel",
            "source": {
                "type": "git",
                "url": "https://github.com/symfony/HttpKernel.git",
                "reference": "445d6eee0eab2a6cfab41b5dc43f1b86ec34d110"
            },
            "dist": {
                "type": "zip",
                "url": "https://api.github.com/repos/symfony/HttpKernel/zipball/445d6eee0eab2a6cfab41b5dc43f1b86ec34d110",
                "reference": "445d6eee0eab2a6cfab41b5dc43f1b86ec34d110",
                "shasum": ""
            },
            "require": {
                "php": ">=5.3.3",
                "psr/log": "~1.0",
                "symfony/debug": "~2.3",
                "symfony/event-dispatcher": "~2.1",
                "symfony/http-foundation": "~2.4"
            },
            "require-dev": {
                "symfony/browser-kit": "~2.2",
                "symfony/class-loader": "~2.1",
                "symfony/config": "~2.0",
                "symfony/console": "~2.2",
                "symfony/dependency-injection": "~2.0",
                "symfony/finder": "~2.0",
                "symfony/process": "~2.0",
                "symfony/routing": "~2.2",
                "symfony/stopwatch": "~2.2",
                "symfony/templating": "~2.2"
            },
            "suggest": {
                "symfony/browser-kit": "",
                "symfony/class-loader": "",
                "symfony/config": "",
                "symfony/console": "",
                "symfony/dependency-injection": "",
                "symfony/finder": ""
            },
            "type": "library",
            "extra": {
                "branch-alias": {
                    "dev-master": "2.4-dev"
                }
            },
            "autoload": {
                "psr-0": {
                    "Symfony\\Component\\HttpKernel\\": ""
                }
            },
            "notification-url": "https://packagist.org/downloads/",
            "license": [
                "MIT"
            ],
            "authors": [
                {
                    "name": "Fabien Potencier",
                    "email": "fabien@symfony.com",
                    "homepage": "http://fabien.potencier.org",
                    "role": "Lead Developer"
                },
                {
                    "name": "Symfony Community",
                    "homepage": "http://symfony.com/contributors"
                }
            ],
            "description": "Symfony HttpKernel Component",
            "homepage": "http://symfony.com",
            "time": "2014-02-12 19:27:03"
        },
        {
            "name": "symfony/routing",
            "version": "v2.4.2",
            "target-dir": "Symfony/Component/Routing",
            "source": {
                "type": "git",
                "url": "https://github.com/symfony/Routing.git",
                "reference": "b2fdea8b60400bb84e4931d71101ebbb3a08c1eb"
            },
            "dist": {
                "type": "zip",
                "url": "https://api.github.com/repos/symfony/Routing/zipball/b2fdea8b60400bb84e4931d71101ebbb3a08c1eb",
                "reference": "b2fdea8b60400bb84e4931d71101ebbb3a08c1eb",
                "shasum": ""
            },
            "require": {
                "php": ">=5.3.3"
            },
            "require-dev": {
                "doctrine/annotations": "~1.0",
                "psr/log": "~1.0",
                "symfony/config": "~2.2",
                "symfony/expression-language": "~2.4",
                "symfony/yaml": "~2.0"
            },
            "suggest": {
                "doctrine/annotations": "For using the annotation loader",
                "symfony/config": "For using the all-in-one router or any loader",
                "symfony/expression-language": "For using expression matching",
                "symfony/yaml": "For using the YAML loader"
            },
            "type": "library",
            "extra": {
                "branch-alias": {
                    "dev-master": "2.4-dev"
                }
            },
            "autoload": {
                "psr-0": {
                    "Symfony\\Component\\Routing\\": ""
                }
            },
            "notification-url": "https://packagist.org/downloads/",
            "license": [
                "MIT"
            ],
            "authors": [
                {
                    "name": "Fabien Potencier",
                    "email": "fabien@symfony.com",
                    "homepage": "http://fabien.potencier.org",
                    "role": "Lead Developer"
                },
                {
                    "name": "Symfony Community",
                    "homepage": "http://symfony.com/contributors"
                }
            ],
            "description": "Symfony Routing Component",
            "homepage": "http://symfony.com",
            "keywords": [
                "router",
                "routing",
                "uri",
                "url"
            ],
            "time": "2014-02-11 13:52:09"
        },
        {
            "name": "symfony/yaml",
            "version": "dev-master",
            "target-dir": "Symfony/Component/Yaml",
            "source": {
                "type": "git",
                "url": "https://github.com/symfony/Yaml.git",
                "reference": "9921872611710df49cf035c259e5a461ea2d0f8c"
            },
            "dist": {
                "type": "zip",
                "url": "https://api.github.com/repos/symfony/Yaml/zipball/9921872611710df49cf035c259e5a461ea2d0f8c",
                "reference": "9921872611710df49cf035c259e5a461ea2d0f8c",
                "shasum": ""
            },
            "require": {
                "php": ">=5.3.3"
            },
            "type": "library",
            "extra": {
                "branch-alias": {
                    "dev-master": "2.5-dev"
                }
            },
            "autoload": {
                "psr-0": {
                    "Symfony\\Component\\Yaml\\": ""
                }
            },
            "notification-url": "https://packagist.org/downloads/",
            "license": [
                "MIT"
            ],
            "authors": [
                {
                    "name": "Fabien Potencier",
                    "email": "fabien@symfony.com",
                    "homepage": "http://fabien.potencier.org",
                    "role": "Lead Developer"
                },
                {
                    "name": "Symfony Community",
                    "homepage": "http://symfony.com/contributors"
                }
            ],
            "description": "Symfony Yaml Component",
            "homepage": "http://symfony.com",
            "time": "2014-01-07 13:29:57"
        }
    ],
    "packages-dev": [

    ],
    "aliases": [

    ],
    "minimum-stability": "stable",
    "stability-flags": {
        "oliviermadre/dic-it": 20,
        "symfony/yaml": 20
    },
    "platform": [

    ],
    "platform-dev": [

    ]
}
